PODS:
  - cdebug (0.1.1)
  - FoundationExtension (0.45):
    - cdebug (~> 0.1)
    - FoundationExtension/CocoaExtension
    - FoundationExtension/FoundationExtension
    - FoundationExtension/UIKitExtension
  - FoundationExtension/FoundationExtension (0.45):
    - cdebug (~> 0.1)
  - FoundationExtension/UIKitExtension (0.45):
    - cdebug (~> 0.1)
    - FoundationExtension/FoundationExtension
  - GIKPopoverBackgroundView/Core (0.0.1)
  - SevenSwitch (1.3.0)
  - UI7Kit (0.9.9):
    - UI7Kit/All
  - UI7Kit/All (0.9.9):
    - UI7Kit/UI7ActionSheet
    - UI7Kit/UI7ActivityViewController
    - UI7Kit/UI7AlertView
    - UI7Kit/UI7BarButtonItem
    - UI7Kit/UI7Button
    - UI7Kit/UI7Color
    - UI7Kit/UI7Font
    - UI7Kit/UI7NavigationBar
    - UI7Kit/UI7NavigationController
    - UI7Kit/UI7PickerView
    - UI7Kit/UI7PopoverController
    - UI7Kit/UI7ProgressView
    - UI7Kit/UI7SearchBar
    - UI7Kit/UI7SegmentedControl
    - UI7Kit/UI7Slider
    - UI7Kit/UI7Stepper
    - UI7Kit/UI7Switch/SevenSwitch
    - UI7Kit/UI7TabBar
    - UI7Kit/UI7TabBarController
    - UI7Kit/UI7TabBarItem
    - UI7Kit/UI7TableView
    - UI7Kit/UI7TableViewCell
    - UI7Kit/UI7TextField
    - UI7Kit/UI7Toolbar
    - UI7Kit/UI7View
    - UI7Kit/UI7ViewController
    - UI7Kit/UI7Window
  - UI7Kit/Core (0.9.9):
    - cdebug
    - FoundationExtension (~> 0.44)
    - UI7Kit/UI7Color
  - UI7Kit/UI7ActionSheet (0.9.9):
    - UI7Kit/Core
    - UI7Kit/UI7Color
    - UI7Kit/UI7Font
  - UI7Kit/UI7ActivityViewController (0.9.9):
    - UI7Kit/Core
    - UI7Kit/UI7Font
  - UI7Kit/UI7AlertView (0.9.9):
    - UI7Kit/Core
    - UI7Kit/UI7Button
    - UI7Kit/UI7Color
    - UI7Kit/UI7Font
  - UI7Kit/UI7BarButtonItem (0.9.9):
    - UI7Kit/Core
    - UI7Kit/UI7Font
  - UI7Kit/UI7Button (0.9.9):
    - UI7Kit/Core
    - UI7Kit/UI7BarButtonItem
    - UI7Kit/UI7Font
    - UI7Kit/UI7View
    - UIKitResources/UIButtonBar
  - UI7Kit/UI7Color (0.9.9):
    - UIKitResources/UIAccessoryButton
  - UI7Kit/UI7Font (0.9.9):
    - UI7Kit/Core
  - UI7Kit/UI7NavigationBar (0.9.9):
    - UI7Kit/Core
    - UI7Kit/UI7BarButtonItem
    - UI7Kit/UI7Color
    - UI7Kit/UI7Font
  - UI7Kit/UI7NavigationController (0.9.9):
    - UI7Kit/Core
    - UI7Kit/UI7NavigationBar
    - UI7Kit/UI7Toolbar
  - UI7Kit/UI7PickerView (0.9.9):
    - UI7Kit/Core
    - UI7Kit/UI7Font
    - UI7Kit/UI7TableView
    - UI7Kit/UI7View
  - UI7Kit/UI7PopoverController (0.9.9):
    - GIKPopoverBackgroundView/Core
  - UI7Kit/UI7ProgressView (0.9.9):
    - UI7Kit/Core
    - UI7Kit/UI7Color
    - UI7Kit/UI7View
  - UI7Kit/UI7SearchBar (0.9.9):
    - UI7Kit/Core
    - UI7Kit/UI7Color
  - UI7Kit/UI7SegmentedControl (0.9.9):
    - UI7Kit/Core
    - UI7Kit/UI7Font
    - UI7Kit/UI7View
  - UI7Kit/UI7Slider (0.9.9):
    - UI7Kit/Core
    - UI7Kit/UI7Color
    - UI7Kit/UI7View
  - UI7Kit/UI7Stepper (0.9.9):
    - UI7Kit/Core
    - UI7Kit/UI7View
  - UI7Kit/UI7Switch/SevenSwitch (0.9.9):
    - SevenSwitch (~> 1.3.0)
    - UI7Kit/Core
  - UI7Kit/UI7TabBar (0.9.9):
    - UI7Kit/Core
    - UI7Kit/UI7Color
    - UI7Kit/UI7Font
    - UI7Kit/UI7View
  - UI7Kit/UI7TabBarController (0.9.9):
    - UI7Kit/Core
  - UI7Kit/UI7TabBarItem (0.9.9):
    - UI7Kit/Core
    - UIKitResources/UITabBar
  - UI7Kit/UI7TableView (0.9.9):
    - UI7Kit/Core
    - UI7Kit/UI7Color
    - UI7Kit/UI7Font
    - UI7Kit/UI7View
  - UI7Kit/UI7TableViewCell (0.9.9):
    - UI7Kit/Core
    - UI7Kit/UI7Color
    - UI7Kit/UI7Font
    - UI7Kit/UI7View
  - UI7Kit/UI7TextField (0.9.9):
    - UI7Kit/Core
  - UI7Kit/UI7Toolbar (0.9.9):
    - UI7Kit/Core
    - UI7Kit/UI7Color
  - UI7Kit/UI7View (0.9.9):
    - UI7Kit/Core
  - UI7Kit/UI7ViewController (0.9.9):
    - UI7Kit/Core
    - UI7Kit/UI7BarButtonItem
    - UI7Kit/UI7NavigationBar
  - UI7Kit/UI7Window (0.9.9):
    - UI7Kit/Core
    - UI7Kit/UI7View
  - UIKitResources/UIAccessoryButton (7.0)
  - UIKitResources/UIButtonBar (7.0)
  - UIKitResources/UITabBar (7.0)

DEPENDENCIES:
  - UI7Kit

SPEC CHECKSUMS:
  cdebug: 8c2ca6363107205eaf777295736c0ec12ba490bd
  FoundationExtension: 9ea775b06ff4a3914db341cefdcaa8180c6e0366
  GIKPopoverBackgroundView: 6163da8cb906689732e5900c1484e6a411ce4da3
  SevenSwitch: f1ae106a4fcb459829ba5a6a3265e7e9f873f80c
  UI7Kit: cc047d4196ab61952d5e0784fae34e785af7f780
  UIKitResources: 3f3b1787af49bb881fc5b6dba2d34d2d4682f0e7

COCOAPODS: 0.27.1
